
Microsoft Visual Studio Solution File, Format Version 12.00
# Visual Studio Version 17
VisualStudioVersion = 17.5.33414.496
MinimumVisualStudioVersion = 10.0.40219.1
Project("{FAE04EC0-301F-11D3-BF4B-00C04F79EFBC}") = "TwitchBot", "TwitchBot\TwitchBot.csproj", "{142E7583-07E9-4DBA-B8C0-BC27344CF462}"
EndProject
Global
	GlobalSection(SolutionConfigurationPlatforms) = preSolution
		Debug|Any CPU = Debug|Any CPU
		Release|Any CPU = Release|Any CPU
	EndGlobalSection
	GlobalSection(ProjectConfigurationPlatforms) = postSolution
		{142E7583-07E9-4DBA-B8C0-BC27344CF462}.Debug|Any CPU.ActiveCfg = Debug|Any CPU
		{142E7583-07E9-4DBA-B8C0-BC27344CF462}.Debug|Any CPU.Build.0 = Debug|Any CPU
		{142E7583-07E9-4DBA-B8C0-BC27344CF462}.Release|Any CPU.ActiveCfg = Release|Any CPU
		{142E7583-07E9-4DBA-B8C0-BC27344CF462}.Release|Any CPU.Build.0 = Release|Any CPU
	EndGlobalSection
	GlobalSection(SolutionProperties) = preSolution
		HideSolutionNode = FALSE
	EndGlobalSection
	GlobalSection(ExtensibilityGlobals) = postSolution
		SolutionGuid = {4B2A4425-2CC5-4C87-B23D-5D326D206ADF}
	EndGlobalSection
EndGlobal
